
Microsoft Visual Studio Solution File, Format Version 12.00
# Visual Studio Version 17
VisualStudioVersion = 17.10.34928.147
MinimumVisualStudioVersion = 10.0.40219.1
Project("{FAE04EC0-301F-11D3-BF4B-00C04F79EFBC}") = "CRUD-API", "CRUD-API\CRUD-API.csproj", "{2E4C1151-B071-47F1-BF7D-8DD5AB0C210D}"
EndProject
Global
	GlobalSection(SolutionConfigurationPlatforms) = preSolution
		Debug|Any CPU = Debug|Any CPU
		Release|Any CPU = Release|Any CPU
	EndGlobalSection
	GlobalSection(ProjectConfigurationPlatforms) = postSolution
		{2E4C1151-B071-47F1-BF7D-8DD5AB0C210D}.Debug|Any CPU.ActiveCfg = Debug|Any CPU
		{2E4C1151-B071-47F1-BF7D-8DD5AB0C210D}.Debug|Any CPU.Build.0 = Debug|Any CPU
		{2E4C1151-B071-47F1-BF7D-8DD5AB0C210D}.Release|Any CPU.ActiveCfg = Release|Any CPU
		{2E4C1151-B071-47F1-BF7D-8DD5AB0C210D}.Release|Any CPU.Build.0 = Release|Any CPU
	EndGlobalSection
	GlobalSection(SolutionProperties) = preSolution
		HideSolutionNode = FALSE
	EndGlobalSection
	GlobalSection(ExtensibilityGlobals) = postSolution
		SolutionGuid = {B43733FC-0731-4DE2-AD09-5D92DB96578D}
	EndGlobalSection
EndGlobal
